
Microsoft Visual Studio Solution File, Format Version 12.00
# Visual Studio Version 17
VisualStudioVersion = 17.4.33103.184
MinimumVisualStudioVersion = 10.0.40219.1
Project("{2150E333-8FDC-42A3-9474-1A3956D46DE8}") = "Элементы решения", "Элементы решения", "{0BE84F87-1CC3-43DE-807B-0DFE8F408F96}"
	ProjectSection(SolutionItems) = preProject
		.gitignore = .gitignore
		README.md = README.md
	EndProjectSection
EndProject
Project("{2150E333-8FDC-42A3-9474-1A3956D46DE8}") = "Massives", "Massives", "{361F8206-D5BE-42B9-9D47-C9C58035AB39}"
EndProject
Project("{9A19103F-16F7-4668-BE54-9A1E7A4F7556}") = "Bank", "Massives\Bank\Bank.csproj", "{09F4426A-9670-42AD-BBA6-E85B34505ABF}"
EndProject
Project("{2150E333-8FDC-42A3-9474-1A3956D46DE8}") = "Extends", "Extends", "{3CB68702-ABC8-4793-830F-681F91514476}"
EndProject
Project("{9A19103F-16F7-4668-BE54-9A1E7A4F7556}") = "Extends", "Extends\Extends\Extends.csproj", "{AA30A956-2AC7-49CF-923A-EBF9493707D4}"
EndProject
Project("{2150E333-8FDC-42A3-9474-1A3956D46DE8}") = "DopJope", "DopJope", "{97AAAD41-CD31-4D77-AB0F-85CF271F1443}"
EndProject
Project("{9A19103F-16F7-4668-BE54-9A1E7A4F7556}") = "AuthorizationService", "DopJope\AuthorizationService\AuthorizationService.csproj", "{C90CE05D-204E-4DA6-B383-936B75F96A7D}"
EndProject
Project("{2150E333-8FDC-42A3-9474-1A3956D46DE8}") = "Events", "Events", "{8913FB1A-029E-4F77-9B8E-9805D9D761C3}"
EndProject
Project("{9A19103F-16F7-4668-BE54-9A1E7A4F7556}") = "Events", "Events\Events\Events.csproj", "{C55B2DFF-0649-487C-88D5-80395C325F61}"
EndProject
Project("{2150E333-8FDC-42A3-9474-1A3956D46DE8}") = "Delegates", "Delegates", "{0D2F2B34-00AF-4FA1-AD50-AB30A29CEBF8}"
EndProject
Project("{FAE04EC0-301F-11D3-BF4B-00C04F79EFBC}") = "Delegates", "Delegates\Delegates\Delegates.csproj", "{F880EFEF-12FE-4801-A94B-3B59C786EF69}"
EndProject
Project("{2150E333-8FDC-42A3-9474-1A3956D46DE8}") = "Binary", "Binary", "{DC6ED216-2099-4D0C-A622-3979333244F8}"
EndProject
Project("{FAE04EC0-301F-11D3-BF4B-00C04F79EFBC}") = "Binary", "Binary\Binary\Binary.csproj", "{21804834-679C-4219-A59E-A3A51F78DC81}"
EndProject
Project("{2150E333-8FDC-42A3-9474-1A3956D46DE8}") = "SimpleExtends", "SimpleExtends", "{7A778C07-50A4-4758-A6AF-47F22EFA7592}"
EndProject
Project("{FAE04EC0-301F-11D3-BF4B-00C04F79EFBC}") = "SimpleExtends", "SimpleExtends\SimpleExtends\SimpleExtends.csproj", "{228FDB56-1DD8-4A23-BC7D-7AA405FDEEF0}"
EndProject
Project("{2150E333-8FDC-42A3-9474-1A3956D46DE8}") = "Operators", "Operators", "{C41BC91B-FE9A-4206-8864-88BE16F1F8F1}"
EndProject
Project("{FAE04EC0-301F-11D3-BF4B-00C04F79EFBC}") = "Operators", "Operators\Operators\Operators.csproj", "{930CD9F0-9F90-4EDD-97E5-ED94D6C3556D}"
EndProject
Global
	GlobalSection(SolutionConfigurationPlatforms) = preSolution
		Debug|Any CPU = Debug|Any CPU
		Release|Any CPU = Release|Any CPU
	EndGlobalSection
	GlobalSection(ProjectConfigurationPlatforms) = postSolution
		{09F4426A-9670-42AD-BBA6-E85B34505ABF}.Debug|Any CPU.ActiveCfg = Debug|Any CPU
		{09F4426A-9670-42AD-BBA6-E85B34505ABF}.Debug|Any CPU.Build.0 = Debug|Any CPU
		{09F4426A-9670-42AD-BBA6-E85B34505ABF}.Release|Any CPU.ActiveCfg = Release|Any CPU
		{09F4426A-9670-42AD-BBA6-E85B34505ABF}.Release|Any CPU.Build.0 = Release|Any CPU
		{AA30A956-2AC7-49CF-923A-EBF9493707D4}.Debug|Any CPU.ActiveCfg = Debug|Any CPU
		{AA30A956-2AC7-49CF-923A-EBF9493707D4}.Debug|Any CPU.Build.0 = Debug|Any CPU
		{AA30A956-2AC7-49CF-923A-EBF9493707D4}.Release|Any CPU.ActiveCfg = Release|Any CPU
		{AA30A956-2AC7-49CF-923A-EBF9493707D4}.Release|Any CPU.Build.0 = Release|Any CPU
		{C90CE05D-204E-4DA6-B383-936B75F96A7D}.Debug|Any CPU.ActiveCfg = Debug|Any CPU
		{C90CE05D-204E-4DA6-B383-936B75F96A7D}.Debug|Any CPU.Build.0 = Debug|Any CPU
		{C90CE05D-204E-4DA6-B383-936B75F96A7D}.Release|Any CPU.ActiveCfg = Release|Any CPU
		{C90CE05D-204E-4DA6-B383-936B75F96A7D}.Release|Any CPU.Build.0 = Release|Any CPU
		{C55B2DFF-0649-487C-88D5-80395C325F61}.Debug|Any CPU.ActiveCfg = Debug|Any CPU
		{C55B2DFF-0649-487C-88D5-80395C325F61}.Debug|Any CPU.Build.0 = Debug|Any CPU
		{C55B2DFF-0649-487C-88D5-80395C325F61}.Release|Any CPU.ActiveCfg = Release|Any CPU
		{C55B2DFF-0649-487C-88D5-80395C325F61}.Release|Any CPU.Build.0 = Release|Any CPU
		{F880EFEF-12FE-4801-A94B-3B59C786EF69}.Debug|Any CPU.ActiveCfg = Debug|Any CPU
		{F880EFEF-12FE-4801-A94B-3B59C786EF69}.Debug|Any CPU.Build.0 = Debug|Any CPU
		{F880EFEF-12FE-4801-A94B-3B59C786EF69}.Release|Any CPU.ActiveCfg = Release|Any CPU
		{F880EFEF-12FE-4801-A94B-3B59C786EF69}.Release|Any CPU.Build.0 = Release|Any CPU
		{21804834-679C-4219-A59E-A3A51F78DC81}.Debug|Any CPU.ActiveCfg = Debug|Any CPU
		{21804834-679C-4219-A59E-A3A51F78DC81}.Debug|Any CPU.Build.0 = Debug|Any CPU
		{21804834-679C-4219-A59E-A3A51F78DC81}.Release|Any CPU.ActiveCfg = Release|Any CPU
		{21804834-679C-4219-A59E-A3A51F78DC81}.Release|Any CPU.Build.0 = Release|Any CPU
		{228FDB56-1DD8-4A23-BC7D-7AA405FDEEF0}.Debug|Any CPU.ActiveCfg = Debug|Any CPU
		{228FDB56-1DD8-4A23-BC7D-7AA405FDEEF0}.Debug|Any CPU.Build.0 = Debug|Any CPU
		{228FDB56-1DD8-4A23-BC7D-7AA405FDEEF0}.Release|Any CPU.ActiveCfg = Release|Any CPU
		{228FDB56-1DD8-4A23-BC7D-7AA405FDEEF0}.Release|Any CPU.Build.0 = Release|Any CPU
		{930CD9F0-9F90-4EDD-97E5-ED94D6C3556D}.Debug|Any CPU.ActiveCfg = Debug|Any CPU
		{930CD9F0-9F90-4EDD-97E5-ED94D6C3556D}.Debug|Any CPU.Build.0 = Debug|Any CPU
		{930CD9F0-9F90-4EDD-97E5-ED94D6C3556D}.Release|Any CPU.ActiveCfg = Release|Any CPU
		{930CD9F0-9F90-4EDD-97E5-ED94D6C3556D}.Release|Any CPU.Build.0 = Release|Any CPU
	EndGlobalSection
	GlobalSection(SolutionProperties) = preSolution
		HideSolutionNode = FALSE
	EndGlobalSection
	GlobalSection(NestedProjects) = preSolution
		{09F4426A-9670-42AD-BBA6-E85B34505ABF} = {361F8206-D5BE-42B9-9D47-C9C58035AB39}
		{AA30A956-2AC7-49CF-923A-EBF9493707D4} = {3CB68702-ABC8-4793-830F-681F91514476}
		{C90CE05D-204E-4DA6-B383-936B75F96A7D} = {97AAAD41-CD31-4D77-AB0F-85CF271F1443}
		{C55B2DFF-0649-487C-88D5-80395C325F61} = {8913FB1A-029E-4F77-9B8E-9805D9D761C3}
		{F880EFEF-12FE-4801-A94B-3B59C786EF69} = {0D2F2B34-00AF-4FA1-AD50-AB30A29CEBF8}
		{21804834-679C-4219-A59E-A3A51F78DC81} = {DC6ED216-2099-4D0C-A622-3979333244F8}
		{228FDB56-1DD8-4A23-BC7D-7AA405FDEEF0} = {7A778C07-50A4-4758-A6AF-47F22EFA7592}
		{930CD9F0-9F90-4EDD-97E5-ED94D6C3556D} = {C41BC91B-FE9A-4206-8864-88BE16F1F8F1}
	EndGlobalSection
	GlobalSection(ExtensibilityGlobals) = postSolution
		SolutionGuid = {BC189DF6-302A-406A-B61F-30B2DF9FAF68}
	EndGlobalSection
EndGlobal
