
Microsoft Visual Studio Solution File, Format Version 12.00
# Visual Studio Version 17
VisualStudioVersion = 17.4.33103.184
MinimumVisualStudioVersion = 10.0.40219.1
Project("{2150E333-8FDC-42A3-9474-1A3956D46DE8}") = "Элементы решения", "Элементы решения", "{0BE84F87-1CC3-43DE-807B-0DFE8F408F96}"
	ProjectSection(SolutionItems) = preProject
		.gitignore = .gitignore
		README.md = README.md
	EndProjectSection
EndProject
Project("{2150E333-8FDC-42A3-9474-1A3956D46DE8}") = "Massives", "Massives", "{361F8206-D5BE-42B9-9D47-C9C58035AB39}"
EndProject
Project("{9A19103F-16F7-4668-BE54-9A1E7A4F7556}") = "Bank", "Massives\Bank\Bank.csproj", "{09F4426A-9670-42AD-BBA6-E85B34505ABF}"
EndProject
Global
	GlobalSection(SolutionConfigurationPlatforms) = preSolution
		Debug|Any CPU = Debug|Any CPU
		Release|Any CPU = Release|Any CPU
	EndGlobalSection
	GlobalSection(ProjectConfigurationPlatforms) = postSolution
		{09F4426A-9670-42AD-BBA6-E85B34505ABF}.Debug|Any CPU.ActiveCfg = Debug|Any CPU
		{09F4426A-9670-42AD-BBA6-E85B34505ABF}.Debug|Any CPU.Build.0 = Debug|Any CPU
		{09F4426A-9670-42AD-BBA6-E85B34505ABF}.Release|Any CPU.ActiveCfg = Release|Any CPU
		{09F4426A-9670-42AD-BBA6-E85B34505ABF}.Release|Any CPU.Build.0 = Release|Any CPU
	EndGlobalSection
	GlobalSection(SolutionProperties) = preSolution
		HideSolutionNode = FALSE
	EndGlobalSection
	GlobalSection(NestedProjects) = preSolution
		{09F4426A-9670-42AD-BBA6-E85B34505ABF} = {361F8206-D5BE-42B9-9D47-C9C58035AB39}
	EndGlobalSection
	GlobalSection(ExtensibilityGlobals) = postSolution
		SolutionGuid = {BC189DF6-302A-406A-B61F-30B2DF9FAF68}
	EndGlobalSection
EndGlobal
